
Microsoft Visual Studio Solution File, Format Version 12.00
# Visual Studio Version 16
VisualStudioVersion = 16.0.32126.315
MinimumVisualStudioVersion = 10.0.40219.1
Project("{FAE04EC0-301F-11D3-BF4B-00C04F79EFBC}") = "Business", "Business\Business.csproj", "{E99C45D3-74C9-43FA-A768-F665E7945578}"
EndProject
Project("{FAE04EC0-301F-11D3-BF4B-00C04F79EFBC}") = "DataAccess", "DataAccess\DataAccess.csproj", "{15936484-267F-4573-A8DC-CC9768648725}"
EndProject
Project("{FAE04EC0-301F-11D3-BF4B-00C04F79EFBC}") = "Entities", "Entities\Entities.csproj", "{6A041E73-BFC1-44CE-8CE2-A7A452CE76F7}"
EndProject
Project("{FAE04EC0-301F-11D3-BF4B-00C04F79EFBC}") = "Core", "Core\Core.csproj", "{AD2223DB-1264-4355-9F3D-B1C8EC72858E}"
EndProject
Project("{FAE04EC0-301F-11D3-BF4B-00C04F79EFBC}") = "WebAPI", "WebAPI\WebAPI.csproj", "{EE1E2558-7F3B-4950-9C16-7ED37BB9D494}"
EndProject
Global
	GlobalSection(SolutionConfigurationPlatforms) = preSolution
		Debug|Any CPU = Debug|Any CPU
		Release|Any CPU = Release|Any CPU
	EndGlobalSection
	GlobalSection(ProjectConfigurationPlatforms) = postSolution
		{E99C45D3-74C9-43FA-A768-F665E7945578}.Debug|Any CPU.ActiveCfg = Debug|Any CPU
		{E99C45D3-74C9-43FA-A768-F665E7945578}.Debug|Any CPU.Build.0 = Debug|Any CPU
		{E99C45D3-74C9-43FA-A768-F665E7945578}.Release|Any CPU.ActiveCfg = Release|Any CPU
		{E99C45D3-74C9-43FA-A768-F665E7945578}.Release|Any CPU.Build.0 = Release|Any CPU
		{15936484-267F-4573-A8DC-CC9768648725}.Debug|Any CPU.ActiveCfg = Debug|Any CPU
		{15936484-267F-4573-A8DC-CC9768648725}.Debug|Any CPU.Build.0 = Debug|Any CPU
		{15936484-267F-4573-A8DC-CC9768648725}.Release|Any CPU.ActiveCfg = Release|Any CPU
		{15936484-267F-4573-A8DC-CC9768648725}.Release|Any CPU.Build.0 = Release|Any CPU
		{6A041E73-BFC1-44CE-8CE2-A7A452CE76F7}.Debug|Any CPU.ActiveCfg = Debug|Any CPU
		{6A041E73-BFC1-44CE-8CE2-A7A452CE76F7}.Debug|Any CPU.Build.0 = Debug|Any CPU
		{6A041E73-BFC1-44CE-8CE2-A7A452CE76F7}.Release|Any CPU.ActiveCfg = Release|Any CPU
		{6A041E73-BFC1-44CE-8CE2-A7A452CE76F7}.Release|Any CPU.Build.0 = Release|Any CPU
		{AD2223DB-1264-4355-9F3D-B1C8EC72858E}.Debug|Any CPU.ActiveCfg = Debug|Any CPU
		{AD2223DB-1264-4355-9F3D-B1C8EC72858E}.Debug|Any CPU.Build.0 = Debug|Any CPU
		{AD2223DB-1264-4355-9F3D-B1C8EC72858E}.Release|Any CPU.ActiveCfg = Release|Any CPU
		{AD2223DB-1264-4355-9F3D-B1C8EC72858E}.Release|Any CPU.Build.0 = Release|Any CPU
		{EE1E2558-7F3B-4950-9C16-7ED37BB9D494}.Debug|Any CPU.ActiveCfg = Debug|Any CPU
		{EE1E2558-7F3B-4950-9C16-7ED37BB9D494}.Debug|Any CPU.Build.0 = Debug|Any CPU
		{EE1E2558-7F3B-4950-9C16-7ED37BB9D494}.Release|Any CPU.ActiveCfg = Release|Any CPU
		{EE1E2558-7F3B-4950-9C16-7ED37BB9D494}.Release|Any CPU.Build.0 = Release|Any CPU
	EndGlobalSection
	GlobalSection(SolutionProperties) = preSolution
		HideSolutionNode = FALSE
	EndGlobalSection
	GlobalSection(ExtensibilityGlobals) = postSolution
		SolutionGuid = {C58F4DA8-B984-4ACE-85A0-CF4FEC0EE5DC}
	EndGlobalSection
EndGlobal
